
Microsoft Visual Studio Solution File, Format Version 12.00
# Visual Studio Version 16
VisualStudioVersion = 16.0.29215.179
MinimumVisualStudioVersion = 10.0.40219.1
Project("{FAE04EC0-301F-11D3-BF4B-00C04F79EFBC}") = "A1", "A1\A1.csproj", "{8FDB4256-A886-4645-B178-DB32A7074551}"
EndProject
Global
	GlobalSection(SolutionConfigurationPlatforms) = preSolution
		Debug|Any CPU = Debug|Any CPU
		Release|Any CPU = Release|Any CPU
	EndGlobalSection
	GlobalSection(ProjectConfigurationPlatforms) = postSolution
		{8FDB4256-A886-4645-B178-DB32A7074551}.Debug|Any CPU.ActiveCfg = Debug|Any CPU
		{8FDB4256-A886-4645-B178-DB32A7074551}.Debug|Any CPU.Build.0 = Debug|Any CPU
		{8FDB4256-A886-4645-B178-DB32A7074551}.Release|Any CPU.ActiveCfg = Release|Any CPU
		{8FDB4256-A886-4645-B178-DB32A7074551}.Release|Any CPU.Build.0 = Release|Any CPU
	EndGlobalSection
	GlobalSection(SolutionProperties) = preSolution
		HideSolutionNode = FALSE
	EndGlobalSection
	GlobalSection(ExtensibilityGlobals) = postSolution
		SolutionGuid = {96BA3556-C909-4144-9973-6192897D868B}
	EndGlobalSection
EndGlobal
